
Microsoft Visual Studio Solution File, Format Version 12.00
# Visual Studio Version 16
VisualStudioVersion = 16.0.31229.75
MinimumVisualStudioVersion = 10.0.40219.1
Project("{FAE04EC0-301F-11D3-BF4B-00C04F79EFBC}") = "Recibos", "Recibos\Recibos.csproj", "{08BF9CB8-5BEC-42A7-BC42-979E5F2EEA5B}"
EndProject
Global
	GlobalSection(SolutionConfigurationPlatforms) = preSolution
		Debug|Any CPU = Debug|Any CPU
		Release|Any CPU = Release|Any CPU
	EndGlobalSection
	GlobalSection(ProjectConfigurationPlatforms) = postSolution
		{08BF9CB8-5BEC-42A7-BC42-979E5F2EEA5B}.Debug|Any CPU.ActiveCfg = Debug|Any CPU
		{08BF9CB8-5BEC-42A7-BC42-979E5F2EEA5B}.Debug|Any CPU.Build.0 = Debug|Any CPU
		{08BF9CB8-5BEC-42A7-BC42-979E5F2EEA5B}.Release|Any CPU.ActiveCfg = Release|Any CPU
		{08BF9CB8-5BEC-42A7-BC42-979E5F2EEA5B}.Release|Any CPU.Build.0 = Release|Any CPU
	EndGlobalSection
	GlobalSection(SolutionProperties) = preSolution
		HideSolutionNode = FALSE
	EndGlobalSection
	GlobalSection(ExtensibilityGlobals) = postSolution
		SolutionGuid = {89F624A5-2F83-4E62-A0D8-2549B0863F18}
	EndGlobalSection
EndGlobal
